{
  "version": 1,
  "dependencies": {
    "net8.0-windows10.0.19041": {
      "cursivis.application": {
        "type": "Project",
        "dependencies": {
          "Cursivis.Contracts": "[0.1.0, )",
          "Cursivis.Domain": "[0.1.0, )"
        }
      },
      "cursivis.contracts": {
        "type": "Project"
      },
      "cursivis.domain": {
        "type": "Project"
      }
    },
    "net8.0-windows10.0.19041/win-x64": {}
  }
}