{
  "version": 1,
  "dependencies": {
    "net8.0-windows10.0.26100": {
      "Microsoft.Windows.SDK.BuildTools": {
        "type": "Direct",
        "requested": "[10.0.26100.7705, )",
        "resolved": "10.0.26100.7705",
        "contentHash": "HhD3TweZMpyor2t7vRJgJrASHJDWcDjYWQB2HSqsYWvpB10K8KgkdmXLtGUoKYwoztyIV2k1vjt1DdVsYs8jWw=="
      },
      "Microsoft.WindowsAppSDK": {
        "type": "Direct",
        "requested": "[1.8.260317003, )",
        "resolved": "1.8.260317003",
        "contentHash": "gJ78mbsatwWB67OPeZ6PFz0PSOttvSsp4E7Xb6/1Ls7ZIJtRrsLix4e0DGVWrE8AlQuBYJMc157gyOtQTx5TRw==",
        "dependencies": {
          "Microsoft.WindowsAppSDK.AI": "[1.8.53]",
          "Microsoft.WindowsAppSDK.Base": "[1.8.251216001]",
          "Microsoft.WindowsAppSDK.DWrite": "[1.8.25122902]",
          "Microsoft.WindowsAppSDK.Foundation": "[1.8.260222000]",
          "Microsoft.WindowsAppSDK.InteractiveExperiences": "[1.8.260125001]",
          "Microsoft.WindowsAppSDK.ML": "[1.8.2141]",
          "Microsoft.WindowsAppSDK.Runtime": "[1.8.260317003]",
          "Microsoft.WindowsAppSDK.Widgets": "[1.8.251231004]",
          "Microsoft.WindowsAppSDK.WinUI": "[1.8.260224000]"
        }
      },
      "System.Text.Json": {
        "type": "Direct",
        "requested": "[10.0.3, )",
        "resolved": "10.0.3",
        "contentHash": "NTUt9DL+maqbgrIYCAmeZUbX0NoXaueySyjW/bdOlFdSUDC1l51XnsbVEuj5tuad12vdq5Sviskp9uMVGgCNLw==",
        "dependencies": {
          "System.IO.Pipelines": "10.0.3",
          "System.Text.Encodings.Web": "10.0.3"
        }
      },
      "Microsoft.Extensions.Configuration.Abstractions": {
        "type": "Transitive",
        "resolved": "10.0.3",
        "contentHash": "xVDHL0+SIgemfh95fTO9cGLe17TWv/ZP0n7m01z8X6pzt2DmQpucioWR/mYZA1sRlkWnkXzfl0JweLNWmE9WMg==",
        "dependencies": {
          "Microsoft.Extensions.Primitives": "10.0.3"
        }
      },
      "Microsoft.Extensions.DependencyInjection.Abstractions": {
        "type": "Transitive",
        "resolved": "10.0.3",
        "contentHash": "bwGMrRcAMWx2s/RDgja97p27rxSz2pEQW0+rX5cWAUWVETVJ/eyxGfjAl8vuG5a+lckWmPIE+vcuaZNVB5YDdw=="
      },
      "Microsoft.Extensions.Diagnostics.Abstractions": {
        "type": "Transitive",
        "resolved": "10.0.3",
        "contentHash": "mQiTzAj7PIJ2A9YXR5QhgulS1fTWhmQc3ckd1Mrf3hKW07d03fBDqx8vVaFw+cRTebDOeB6pNqdWdnRxsi1hBA==",
        "dependencies": {
          "Microsoft.Extensions.DependencyInjection.Abstractions": "10.0.3",
          "Microsoft.Extensions.Options": "10.0.3",
          "System.Diagnostics.DiagnosticSource": "10.0.3"
        }
      },
      "Microsoft.Extensions.FileProviders.Abstractions": {
        "type": "Transitive",
        "resolved": "10.0.3",
        "contentHash": "4TD9AXDRsipTmaemwnjt/DM5Ri0de2JzHQhvZ4woBTjUtL4XrPNsMrOk5oiLJAx1gTrE6pOIhxv+lEde5F6CZA==",
        "dependencies": {
          "Microsoft.Extensions.Primitives": "10.0.3"
        }
      },
      "Microsoft.Extensions.Hosting.Abstractions": {
        "type": "Transitive",
        "resolved": "10.0.3",
        "contentHash": "GdMpC10Jf6poxSvUJ4lgYpJ5F/kJeaAoJmrPufjBoPYyCTKKY5Dyl0rZA+LBNvFqTq1cZa/lhlptlUhNvU6xrg==",
        "dependencies": {
          "Microsoft.Extensions.Configuration.Abstractions": "10.0.3",
          "Microsoft.Extensions.DependencyInjection.Abstractions": "10.0.3",
          "Microsoft.Extensions.Diagnostics.Abstractions": "10.0.3",
          "Microsoft.Extensions.FileProviders.Abstractions": "10.0.3",
          "Microsoft.Extensions.Logging.Abstractions": "10.0.3"
        }
      },
      "Microsoft.Extensions.Logging.Abstractions": {
        "type": "Transitive",
        "resolved": "10.0.3",
        "contentHash": "lxl0WLk7ROgBFAsjcOYjQ8/DVK+VMszxGBzUhgtQmAsTNldLL5pk9NG/cWTsXHq0lUhUEAtZkEE7jOGOA8bGKQ==",
        "dependencies": {
          "Microsoft.Extensions.DependencyInjection.Abstractions": "10.0.3",
          "System.Diagnostics.DiagnosticSource": "10.0.3"
        }
      },
      "Microsoft.Extensions.Options": {
        "type": "Transitive",
        "resolved": "10.0.3",
        "contentHash": "hU6WzGTPvPoLA2ng1ILvWQb3g0qORdlHNsxI8IcPLumJb3suimYUl+bbDzdo1V4KFsvVhnMWzysHpKbZaoDQPQ==",
        "dependencies": {
          "Microsoft.Extensions.DependencyInjection.Abstractions": "10.0.3",
          "Microsoft.Extensions.Primitives": "10.0.3"
        }
      },
      "Microsoft.Extensions.Primitives": {
        "type": "Transitive",
        "resolved": "10.0.3",
        "contentHash": "GEcpTwo7sUoLGGNTqV1FZEuL+tTD9m81NX/mh099dqGNna07/UGZShKQNZRw4hv6nlliSUwYQgSYc7OR99Jufg=="
      },
      "Microsoft.Web.WebView2": {
        "type": "Transitive",
        "resolved": "1.0.3179.45",
        "contentHash": "3pokSH5CnN0G6rGhGFo1y87inxYhNxBQ2Vdf0wlvBj99KHxQJormjDACmqRnFeUsmuNFIhWwfAL1ztq7wD5qRA=="
      },
      "Microsoft.Windows.SDK.BuildTools.MSIX": {
        "type": "Transitive",
        "resolved": "1.7.20250829.1",
        "contentHash": "IMdvRmCIZnBS5GkYnv0po1bcx6U1OF39pqA4TphQ9evDzpCRoSE19/PkDvlUNNrBavTsLIEJgd/TAIFner75ow=="
      },
      "Microsoft.WindowsAppSDK.AI": {
        "type": "Transitive",
        "resolved": "1.8.53",
        "contentHash": "bRzx+VwQY/OXxFJYML9riOrds7sBrCNpDG6Aok8KiH+TcdE6HnWjNzxJBDe/dQRTXQO5OQa9I7LNjN8NAZ1fjg==",
        "dependencies": {
          "Microsoft.WindowsAppSDK.Base": "1.8.251216001",
          "Microsoft.WindowsAppSDK.Foundation": "1.8.260222000"
        }
      },
      "Microsoft.WindowsAppSDK.Base": {
        "type": "Transitive",
        "resolved": "1.8.251216001",
        "contentHash": "PS1wriuFknz3W2F2P/e6RvOTM35w89Lsj/f0QmUEPrJjKnc+jM0JLX1vfdytI14y1gNRUTm9uclwP0aH/SVU5w==",
        "dependencies": {
          "Microsoft.Windows.SDK.BuildTools": "10.0.26100.4654",
          "Microsoft.Windows.SDK.BuildTools.MSIX": "1.7.20250829.1"
        }
      },
      "Microsoft.WindowsAppSDK.DWrite": {
        "type": "Transitive",
        "resolved": "1.8.25122902",
        "contentHash": "zFNn07i7Cyz62Y8FnPQAyzeZK7ww3m9t42i9pzy4C04pNbyUDQ4fG7pB6VSh6n4EyFuYtuFQuDzt4mKmXFrkrg==",
        "dependencies": {
          "Microsoft.WindowsAppSDK.Base": "1.8.251216001"
        }
      },
      "Microsoft.WindowsAppSDK.Foundation": {
        "type": "Transitive",
        "resolved": "1.8.260222000",
        "contentHash": "6YkttVINPZJU1wN2Mp3W9jStVxtStfZ/i/VJfRnGd+vIpBTDyNPdG4xV3Vj6Kcn4VU72fKJFhNHg6nR5t8nqEg==",
        "dependencies": {
          "Microsoft.WindowsAppSDK.Base": "1.8.251216001",
          "Microsoft.WindowsAppSDK.InteractiveExperiences": "1.8.260125001"
        }
      },
      "Microsoft.WindowsAppSDK.InteractiveExperiences": {
        "type": "Transitive",
        "resolved": "1.8.260125001",
        "contentHash": "CTGFd1zhIDbnOltZ6piPvpNXFR1OaNyW3vHvhaILzpGziAgj5DPuVnU3PUp1p5iOBd382FLCBVM6nEPyu/LCOA==",
        "dependencies": {
          "Microsoft.WindowsAppSDK.Base": "1.8.251216001"
        }
      },
      "Microsoft.WindowsAppSDK.ML": {
        "type": "Transitive",
        "resolved": "1.8.2141",
        "contentHash": "A707h4Fg0Z4y5lWOJMacWUNQxZ01Iceat2iS8cMggLj4pe/NmbtehBQAgvaVKbsHN8V4F+SlJL+c7fAjXJjWJQ==",
        "dependencies": {
          "Microsoft.WindowsAppSDK.Base": "1.8.251216001",
          "Microsoft.WindowsAppSDK.Foundation": "1.8.260222000",
          "System.Numerics.Tensors": "9.0.0"
        }
      },
      "Microsoft.WindowsAppSDK.Runtime": {
        "type": "Transitive",
        "resolved": "1.8.260317003",
        "contentHash": "sLhPQoFHywDZLMvLTzjErOMvZJkRtzYRW0vQhumT9UqZI700sygbmnbuyCkjyvrmEnsNB9iVAiYbKf93OVBWXA==",
        "dependencies": {
          "Microsoft.WindowsAppSDK.Base": "1.8.251216001"
        }
      },
      "Microsoft.WindowsAppSDK.Widgets": {
        "type": "Transitive",
        "resolved": "1.8.251231004",
        "contentHash": "bIWqQYR8DCoB1SoPOMil5AtgtkTn438wJTdpsHgyO/6o7Eh7PMP5BzrR0KbDsFqy+4LhPWQ4vtwko5k93fECcA==",
        "dependencies": {
          "Microsoft.WindowsAppSDK.Base": "1.8.251216001"
        }
      },
      "Microsoft.WindowsAppSDK.WinUI": {
        "type": "Transitive",
        "resolved": "1.8.260224000",
        "contentHash": "w3k3qK6gvJU0RgkP6gQUgvgUbuYvLP4OeQA+0Vrx+4mJtwCB+6D9LOhzFNVVq3y0yrW5eoPT4xeDQALTbpe2Sw==",
        "dependencies": {
          "Microsoft.Web.WebView2": "1.0.3179.45",
          "Microsoft.WindowsAppSDK.Base": "1.8.251216001",
          "Microsoft.WindowsAppSDK.Foundation": "1.8.260222000",
          "Microsoft.WindowsAppSDK.InteractiveExperiences": "1.8.260125001"
        }
      },
      "NAudio": {
        "type": "Transitive",
        "resolved": "2.3.0",
        "contentHash": "xN+Lzlu9DmXqBiL6XkP0VZmgTxZPdSGjVSWtKG9HKuar3LhIYNOIYQETieigS+QDS+nrs1QmHbBWWOru0nWA5A==",
        "dependencies": {
          "NAudio.Asio": "2.3.0",
          "NAudio.Core": "2.3.0",
          "NAudio.Midi": "2.3.0",
          "NAudio.Wasapi": "2.3.0",
          "NAudio.WinForms": "2.3.0",
          "NAudio.WinMM": "2.3.0"
        }
      },
      "NAudio.Asio": {
        "type": "Transitive",
        "resolved": "2.3.0",
        "contentHash": "I+rAAPT8vmSEw4d4ie+AoSkrvNK6ylRrXznnjQKS+qZgTA9Jnt1Pxe0EaU8nXxOOq5h8ucBSWccBEw6I/J0nkQ==",
        "dependencies": {
          "NAudio.Core": "2.3.0"
        }
      },
      "NAudio.Core": {
        "type": "Transitive",
        "resolved": "2.3.0",
        "contentHash": "jMd7r6dB6tAtXhOYL58ntPqwERNm1/Rhw5MKOIYvsnXzuX+PTGsa2VMam6n0npZYSwlSidKa4GAm4bFcXFUlcg=="
      },
      "NAudio.Midi": {
        "type": "Transitive",
        "resolved": "2.3.0",
        "contentHash": "t8wvPFPHHQOHhoNMCaDE8OiYZoJuxmY4H6UPBtmnf+xx7oQuajFCqlG4Q00ID+tiEyj471WeVb4Nkylr4tDoow==",
        "dependencies": {
          "NAudio.Core": "2.3.0"
        }
      },
      "NAudio.Wasapi": {
        "type": "Transitive",
        "resolved": "2.3.0",
        "contentHash": "y5K2BxrLnvohgu5znzg5wRsai3YcuNXfrpo68i7PmCQqpK5MC/R24e5aO3OyN/XhfRr12e0QYV0OnUWEHi5SzA==",
        "dependencies": {
          "NAudio.Core": "2.3.0"
        }
      },
      "NAudio.WinForms": {
        "type": "Transitive",
        "resolved": "2.3.0",
        "contentHash": "vyKqFUlAZrZ0QPcCM1T+zimjYgC1cNDloHaiOdtV4S1eK4AGu3Dz1EE4yy/WgcneJwQNjGFaELY7b2TsL+g56w==",
        "dependencies": {
          "NAudio.WinMM": "2.3.0"
        }
      },
      "NAudio.WinMM": {
        "type": "Transitive",
        "resolved": "2.3.0",
        "contentHash": "5G1dRjsZm50T3luyuqcmI2BSvj3K4ZJaD/x776/0Epj88qOsOryDZG40+MufwIk1UFJSFWhRobBqtJYFc8Ss4g==",
        "dependencies": {
          "NAudio.Core": "2.3.0"
        }
      },
      "OpenAI": {
        "type": "Transitive",
        "resolved": "2.12.0",
        "contentHash": "rKyVV0sJPo7pn0Ya5dgRs5ggGbjvnKcYSvYV2jITKgFIfeo2XHjgyi6UqNT/OnF0YBqjsNpPdgM6QjzYczWplg==",
        "dependencies": {
          "System.ClientModel": "1.14.0",
          "System.Net.ServerSentEvents": "10.0.2"
        }
      },
      "System.ClientModel": {
        "type": "Transitive",
        "resolved": "1.14.0",
        "contentHash": "yhIJHDW3Hh5kcvhHv3ww1T8qvya06Nlwo/SR/rke4/fHXtyKiqQV/9b/VDhnVI7QUcMnpfvh4pIEFhNsTDLeKQ==",
        "dependencies": {
          "Microsoft.Extensions.Configuration.Abstractions": "10.0.3",
          "Microsoft.Extensions.Hosting.Abstractions": "10.0.3",
          "Microsoft.Extensions.Logging.Abstractions": "10.0.3",
          "System.Diagnostics.DiagnosticSource": "10.0.3",
          "System.Memory.Data": "10.0.3",
          "System.Text.Json": "10.0.3"
        }
      },
      "System.Diagnostics.DiagnosticSource": {
        "type": "Transitive",
        "resolved": "10.0.3",
        "contentHash": "IuZXyF3K5X+mCsBKIQ87Cn/V4Nyb39vyCbzfH/AkoneSWNV/ExGQ/I0m4CEaVAeFh9fW6kp2NVObkmevd1Ys7A=="
      },
      "System.IO.Pipelines": {
        "type": "Transitive",
        "resolved": "10.0.3",
        "contentHash": "WMxiA2jGdHnRBmoVK55YUq5VPaxW0Sg2frPtXV+urUMvpqHIga6lleV/YuryHIuGsAKVjQAjv6PrQ6IJpoLohQ=="
      },
      "System.Memory.Data": {
        "type": "Transitive",
        "resolved": "10.0.3",
        "contentHash": "MaGhRfGunmrj/nHjtsi9XkhlYJ/ERGWrbA+BiSKNtGnAjc9XlG5EhAvak6VRcX5LYzPF6pBO8nJ613dTgzabig==",
        "dependencies": {
          "System.Text.Json": "10.0.3"
        }
      },
      "System.Net.ServerSentEvents": {
        "type": "Transitive",
        "resolved": "10.0.2",
        "contentHash": "pRmUzK1Av9Lqg5tOnk5/0+pFw195eVDP/9gJ2LP0YVPLzOGwjK3Obiutw4CKcJ2Gl9fOYTEc5Za8sB1/xexeGg=="
      },
      "System.Numerics.Tensors": {
        "type": "Transitive",
        "resolved": "9.0.0",
        "contentHash": "hyJB4UlpAi19Xr9AXzu2NuagKC4lPfHObNMEAA0HmqFz2rX7wKgzeYzO/jM/eBHDhnUGFFEjk5cOoJaxqg5J4A=="
      },
      "System.Security.Cryptography.ProtectedData": {
        "type": "Transitive",
        "resolved": "8.0.0",
        "contentHash": "+TUFINV2q2ifyXauQXRwy4CiBhqvDEDZeVJU7qfxya4aRYOKzVBpN+4acx25VcPB9ywUN6C0n8drWl110PhZEg=="
      },
      "System.Text.Encodings.Web": {
        "type": "Transitive",
        "resolved": "10.0.3",
        "contentHash": "l8QNBPp92bVzl9Kw8nNtm1uYRNNhUrdulZjM4a8YK/QGNa8z9utKsC0bDoPB+Vq8LOlbD3fIyGlabtz80jT7cw=="
      },
      "System.Threading.AccessControl": {
        "type": "Transitive",
        "resolved": "8.0.0",
        "contentHash": "cIed5+HuYz+eV9yu9TH95zPkqmm1J9Qps9wxjB335sU8tsqc2kGdlTEH9FZzZeCS8a7mNSEsN8ZkyhQp1gfdEw=="
      },
      "cursivis.application": {
        "type": "Project",
        "dependencies": {
          "Cursivis.Contracts": "[0.1.0, )",
          "Cursivis.Domain": "[0.1.0, )"
        }
      },
      "cursivis.contracts": {
        "type": "Project"
      },
      "cursivis.domain": {
        "type": "Project"
      },
      "cursivis.infrastructure.browserbridge": {
        "type": "Project",
        "dependencies": {
          "Cursivis.Application": "[0.1.0, )",
          "Cursivis.Contracts": "[0.1.0, )"
        }
      },
      "cursivis.infrastructure.openai": {
        "type": "Project",
        "dependencies": {
          "Cursivis.Application": "[0.1.0, )",
          "Cursivis.Contracts": "[0.1.0, )",
          "OpenAI": "[2.12.0, )"
        }
      },
      "cursivis.infrastructure.storage": {
        "type": "Project",
        "dependencies": {
          "Cursivis.Application": "[0.1.0, )",
          "Cursivis.Domain": "[0.1.0, )"
        }
      },
      "cursivis.windows.platform": {
        "type": "Project",
        "dependencies": {
          "Cursivis.Application": "[0.1.0, )",
          "Cursivis.Infrastructure.Storage": "[0.1.0, )",
          "NAudio": "[2.3.0, )",
          "System.Security.Cryptography.ProtectedData": "[8.0.0, )",
          "System.Threading.AccessControl": "[8.0.0, )"
        }
      }
    },
    "net8.0-windows10.0.26100/win-x64": {
      "Microsoft.Web.WebView2": {
        "type": "Transitive",
        "resolved": "1.0.3179.45",
        "contentHash": "3pokSH5CnN0G6rGhGFo1y87inxYhNxBQ2Vdf0wlvBj99KHxQJormjDACmqRnFeUsmuNFIhWwfAL1ztq7wD5qRA=="
      },
      "Microsoft.WindowsAppSDK.Foundation": {
        "type": "Transitive",
        "resolved": "1.8.260222000",
        "contentHash": "6YkttVINPZJU1wN2Mp3W9jStVxtStfZ/i/VJfRnGd+vIpBTDyNPdG4xV3Vj6Kcn4VU72fKJFhNHg6nR5t8nqEg==",
        "dependencies": {
          "Microsoft.WindowsAppSDK.Base": "1.8.251216001",
          "Microsoft.WindowsAppSDK.InteractiveExperiences": "1.8.260125001"
        }
      },
      "System.Text.Encodings.Web": {
        "type": "Transitive",
        "resolved": "10.0.3",
        "contentHash": "l8QNBPp92bVzl9Kw8nNtm1uYRNNhUrdulZjM4a8YK/QGNa8z9utKsC0bDoPB+Vq8LOlbD3fIyGlabtz80jT7cw=="
      },
      "System.Threading.AccessControl": {
        "type": "Transitive",
        "resolved": "8.0.0",
        "contentHash": "cIed5+HuYz+eV9yu9TH95zPkqmm1J9Qps9wxjB335sU8tsqc2kGdlTEH9FZzZeCS8a7mNSEsN8ZkyhQp1gfdEw=="
      }
    }
  }
}